PODS:
  - JNMultipleImages (2.0.4):
    - SDWebImage
  - JNPhotosViewer (1.0.5):
    - SDWebImage
  - SDWebImage (5.16.0):
    - SDWebImage/Core (= 5.16.0)
  - SDWebImage/Core (5.16.0)

DEPENDENCIES:
  - JNMultipleImages
  - JNPhotosViewer (from `../`)

SPEC REPOS:
  https://github.com/CocoaPods/Specs.git:
    - JNMultipleImages
    - SDWebImage

EXTERNAL SOURCES:
  JNPhotosViewer:
    :path: "../"

SPEC CHECKSUMS:
  JNMultipleImages: 506c677bcbd9d5bd95918c60a07be7d8a19fd28a
  JNPhotosViewer: ee030b97c9ce62c0301f143c5c7b681e98e98ab5
  SDWebImage: 2aea163b50bfcb569a2726b6a754c54a4506fcf6

PODFILE CHECKSUM: 7fffa359805e37e06681e8e05d898cd91a96e561

COCOAPODS: 1.12.1
