{
  "originHash" : "fbc745c24e006679812a8b595996d3c7231c507814fc6763ab0e1e9d3edc4a24",
  "pins" : [
    {
      "identity" : "jnmultipleimages",
      "kind" : "remoteSourceControl",
      "location" : "https://github.com/JNDisrupter/JNMultipleImages",
      "state" : {
        "branch" : "update-to-SPM",
        "revision" : "e4d12d124577f84ed44ec3a492d70088a7c0c068"
      }
    },
    {
      "identity" : "sdwebimage",
      "kind" : "remoteSourceControl",
      "location" : "https://github.com/SDWebImage/SDWebImage.git",
      "state" : {
        "revision" : "449e8f8f10377f620db8ad22ea81208eecf6325f",
        "version" : "5.21.6"
      }
    }
  ],
  "version" : 3
}
